// !$*UTF8*$!
{
	archiveVersion = 1;
	classes = {
	};
	objectVersion = 52;
	objects = {

/* Begin PBXBuildFile section */
		831B163A2485A0CC0066A5FB /* Connection.swift in Sources */ = {isa = PBXBuildFile; fileRef = 831B16392485A0CC0066A5FB /* Connection.swift */; };
		831B163C2485A0EA0066A5FB /* RegisterViewController.swift in Sources */ = {isa = PBXBuildFile; fileRef = 831B163B2485A0EA0066A5FB /* RegisterViewController.swift */; };
		831B163E2485A17F0066A5FB /* MultiGameViewController.swift in Sources */ = {isa = PBXBuildFile; fileRef = 831B163D2485A17F0066A5FB /* MultiGameViewController.swift */; };
		831B16442485A1DF0066A5FB /* MultiGameScene.swift in Sources */ = {isa = PBXBuildFile; fileRef = 831B16432485A1DF0066A5FB /* MultiGameScene.swift */; };
		831B16462485A26B0066A5FB /* MultiLobbyViewController.swift in Sources */ = {isa = PBXBuildFile; fileRef = 831B16452485A26B0066A5FB /* MultiLobbyViewController.swift */; };
		837079D02486F3890013FF46 /* SocketIO in Frameworks */ = {isa = PBXBuildFile; productRef = 837079CF2486F3890013FF46 /* SocketIO */; };
		839F3DD12475F34D009C129E /* AppDelegate.swift in Sources */ = {isa = PBXBuildFile; fileRef = 839F3DD02475F34D009C129E /* AppDelegate.swift */; };
		839F3DD32475F34D009C129E /* GameScene.sks in Resources */ = {isa = PBXBuildFile; fileRef = 839F3DD22475F34D009C129E /* GameScene.sks */; };
		839F3DD52475F34D009C129E /* Actions.sks in Resources */ = {isa = PBXBuildFile; fileRef = 839F3DD42475F34D009C129E /* Actions.sks */; };
		839F3DD72475F34D009C129E /* GameScene.swift in Sources */ = {isa = PBXBuildFile; fileRef = 839F3DD62475F34D009C129E /* GameScene.swift */; };
		839F3DD92475F34D009C129E /* GameViewController.swift in Sources */ = {isa = PBXBuildFile; fileRef = 839F3DD82475F34D009C129E /* GameViewController.swift */; };
		839F3DDC2475F34D009C129E /* Main.storyboard in Resources */ = {isa = PBXBuildFile; fileRef = 839F3DDA2475F34D009C129E /* Main.storyboard */; };
		839F3DDE2475F35A009C129E /* Assets.xcassets in Resources */ = {isa = PBXBuildFile; fileRef = 839F3DDD2475F35A009C129E /* Assets.xcassets */; };
		839F3DE12475F35A009C129E /* LaunchScreen.storyboard in Resources */ = {isa = PBXBuildFile; fileRef = 839F3DDF2475F35A009C129E /* LaunchScreen.storyboard */; };
		839F3DEE2475F543009C129E /* MainViewController.swift in Sources */ = {isa = PBXBuildFile; fileRef = 839F3DED2475F543009C129E /* MainViewController.swift */; };
		839F3DF02475F6C7009C129E /* CustomizeViewController.swift in Sources */ = {isa = PBXBuildFile; fileRef = 839F3DEF2475F6C7009C129E /* CustomizeViewController.swift */; };
		839F3DF22475F6EF009C129E /* Customization.swift in Sources */ = {isa = PBXBuildFile; fileRef = 839F3DF12475F6EF009C129E /* Customization.swift */; };
		839F3DF42475F738009C129E /* GameComponents.swift in Sources */ = {isa = PBXBuildFile; fileRef = 839F3DF32475F738009C129E /* GameComponents.swift */; };
		839F3DF62475F755009C129E /* UtilityComponents.swift in Sources */ = {isa = PBXBuildFile; fileRef = 839F3DF52475F755009C129E /* UtilityComponents.swift */; };
		839F3DF82475F7A9009C129E /* PracticeGamePlay.swift in Sources */ = {isa = PBXBuildFile; fileRef = 839F3DF72475F7A9009C129E /* PracticeGamePlay.swift */; };
		839F3DFA2475F7D0009C129E /* PracticeViewController.swift in Sources */ = {isa = PBXBuildFile; fileRef = 839F3DF92475F7D0009C129E /* PracticeViewController.swift */; };
		839F3DFC2475F80C009C129E /* PracticeScene.swift in Sources */ = {isa = PBXBuildFile; fileRef = 839F3DFB2475F80C009C129E /* PracticeScene.swift */; };
		83B98C4C247C940600D7BF01 /* LoginViewController.swift in Sources */ = {isa = PBXBuildFile; fileRef = 83B98C4B247C940600D7BF01 /* LoginViewController.swift */; };
/* End PBXBuildFile section */

/* Begin PBXFileReference section */
		831B16392485A0CC0066A5FB /* Connection.swift */ = {isa = PBXFileReference; lastKnownFileType = sourcecode.swift; path = Connection.swift; sourceTree = "<group>"; };
		831B163B2485A0EA0066A5FB /* RegisterViewController.swift */ = {isa = PBXFileReference; lastKnownFileType = sourcecode.swift; path = RegisterViewController.swift; sourceTree = "<group>"; };
		831B163D2485A17F0066A5FB /* MultiGameViewController.swift */ = {isa = PBXFileReference; lastKnownFileType = sourcecode.swift; path = MultiGameViewController.swift; sourceTree = "<group>"; };
		831B16432485A1DF0066A5FB /* MultiGameScene.swift */ = {isa = PBXFileReference; lastKnownFileType = sourcecode.swift; path = MultiGameScene.swift; sourceTree = "<group>"; };
		831B16452485A26B0066A5FB /* MultiLobbyViewController.swift */ = {isa = PBXFileReference; lastKnownFileType = sourcecode.swift; path = MultiLobbyViewController.swift; sourceTree = "<group>"; };
		839F3DCD2475F34D009C129E /* Ultimate ERS.app */ = {isa = PBXFileReference; explicitFileType = wrapper.application; includeInIndex = 0; path = "Ultimate ERS.app"; sourceTree = BUILT_PRODUCTS_DIR; };
		839F3DD02475F34D009C129E /* AppDelegate.swift */ = {isa = PBXFileReference; lastKnownFileType = sourcecode.swift; path = AppDelegate.swift; sourceTree = "<group>"; };
		839F3DD22475F34D009C129E /* GameScene.sks */ = {isa = PBXFileReference; lastKnownFileType = file.sks; path = GameScene.sks; sourceTree = "<group>"; };
		839F3DD42475F34D009C129E /* Actions.sks */ = {isa = PBXFileReference; lastKnownFileType = file.sks; path = Actions.sks; sourceTree = "<group>"; };
		839F3DD62475F34D009C129E /* GameScene.swift */ = {isa = PBXFileReference; lastKnownFileType = sourcecode.swift; path = GameScene.swift; sourceTree = "<group>"; };
		839F3DD82475F34D009C129E /* GameViewController.swift */ = {isa = PBXFileReference; lastKnownFileType = sourcecode.swift; path = GameViewController.swift; sourceTree = "<group>"; };
		839F3DDB2475F34D009C129E /* Base */ = {isa = PBXFileReference; lastKnownFileType = file.storyboard; name = Base; path = Base.lproj/Main.storyboard; sourceTree = "<group>"; };
		839F3DDD2475F35A009C129E /* Assets.xcassets */ = {isa = PBXFileReference; lastKnownFileType = folder.assetcatalog; path = Assets.xcassets; sourceTree = "<group>"; };
		839F3DE02475F35A009C129E /* Base */ = {isa = PBXFileReference; lastKnownFileType = file.storyboard; name = Base; path = Base.lproj/LaunchScreen.storyboard; sourceTree = "<group>"; };
		839F3DE22475F35A009C129E /* Info.plist */ = {isa = PBXFileReference; lastKnownFileType = text.plist.xml; path = Info.plist; sourceTree = "<group>"; };
		839F3DED2475F543009C129E /* MainViewController.swift */ = {isa = PBXFileReference; lastKnownFileType = sourcecode.swift; path = MainViewController.swift; sourceTree = "<group>"; };
		839F3DEF2475F6C7009C129E /* CustomizeViewController.swift */ = {isa = PBXFileReference; lastKnownFileType = sourcecode.swift; path = CustomizeViewController.swift; sourceTree = "<group>"; };
		839F3DF12475F6EF009C129E /* Customization.swift */ = {isa = PBXFileReference; lastKnownFileType = sourcecode.swift; path = Customization.swift; sourceTree = "<group>"; };
		839F3DF32475F738009C129E /* GameComponents.swift */ = {isa = PBXFileReference; lastKnownFileType = sourcecode.swift; path = GameComponents.swift; sourceTree = "<group>"; };
		839F3DF52475F755009C129E /* UtilityComponents.swift */ = {isa = PBXFileReference; lastKnownFileType = sourcecode.swift; path = UtilityComponents.swift; sourceTree = "<group>"; };
		839F3DF72475F7A9009C129E /* PracticeGamePlay.swift */ = {isa = PBXFileReference; lastKnownFileType = sourcecode.swift; path = PracticeGamePlay.swift; sourceTree = "<group>"; };
		839F3DF92475F7D0009C129E /* PracticeViewController.swift */ = {isa = PBXFileReference; lastKnownFileType = sourcecode.swift; path = PracticeViewController.swift; sourceTree = "<group>"; };
		839F3DFB2475F80C009C129E /* PracticeScene.swift */ = {isa = PBXFileReference; lastKnownFileType = sourcecode.swift; path = PracticeScene.swift; sourceTree = "<group>"; };
		83B98C4B247C940600D7BF01 /* LoginViewController.swift */ = {isa = PBXFileReference; lastKnownFileType = sourcecode.swift; path = LoginViewController.swift; sourceTree = "<group>"; };
/* End PBXFileReference section */

/* Begin PBXFrameworksBuildPhase section */
		839F3DCA2475F34D009C129E /* Frameworks */ = {
			isa = PBXFrameworksBuildPhase;
			buildActionMask = 2147483647;
			files = (
				837079D02486F3890013FF46 /* SocketIO in Frameworks */,
			);
			runOnlyForDeploymentPostprocessing = 0;
		};
/* End PBXFrameworksBuildPhase section */

/* Begin PBXGroup section */
		839F3DC42475F34D009C129E = {
			isa = PBXGroup;
			children = (
				839F3DCF2475F34D009C129E /* Ultimate-ERS */,
				839F3DCE2475F34D009C129E /* Products */,
			);
			sourceTree = "<group>";
		};
		839F3DCE2475F34D009C129E /* Products */ = {
			isa = PBXGroup;
			children = (
				839F3DCD2475F34D009C129E /* Ultimate ERS.app */,
			);
			name = Products;
			sourceTree = "<group>";
		};
		839F3DCF2475F34D009C129E /* Ultimate-ERS */ = {
			isa = PBXGroup;
			children = (
				839F3DD02475F34D009C129E /* AppDelegate.swift */,
				839F3DE82475F3C4009C129E /* References */,
				839F3DE92475F3E0009C129E /* MainViews */,
				839F3DEA2475F3EA009C129E /* GameCode */,
				839F3DEB2475F3F7009C129E /* MultiGame */,
				839F3DEC2475F406009C129E /* PracticeGame */,
				839F3DFE2475F843009C129E /* Assets */,
				839F3DDA2475F34D009C129E /* Main.storyboard */,
				839F3DDD2475F35A009C129E /* Assets.xcassets */,
				839F3DDF2475F35A009C129E /* LaunchScreen.storyboard */,
				839F3DE22475F35A009C129E /* Info.plist */,
			);
			path = "Ultimate-ERS";
			sourceTree = "<group>";
		};
		839F3DE82475F3C4009C129E /* References */ = {
			isa = PBXGroup;
			children = (
				839F3DD82475F34D009C129E /* GameViewController.swift */,
				839F3DD22475F34D009C129E /* GameScene.sks */,
				839F3DD42475F34D009C129E /* Actions.sks */,
				839F3DD62475F34D009C129E /* GameScene.swift */,
			);
			path = References;
			sourceTree = "<group>";
		};
		839F3DE92475F3E0009C129E /* MainViews */ = {
			isa = PBXGroup;
			children = (
				839F3DED2475F543009C129E /* MainViewController.swift */,
				839F3DEF2475F6C7009C129E /* CustomizeViewController.swift */,
			);
			path = MainViews;
			sourceTree = "<group>";
		};
		839F3DEA2475F3EA009C129E /* GameCode */ = {
			isa = PBXGroup;
			children = (
				839F3DF12475F6EF009C129E /* Customization.swift */,
				839F3DF32475F738009C129E /* GameComponents.swift */,
				839F3DF52475F755009C129E /* UtilityComponents.swift */,
			);
			path = GameCode;
			sourceTree = "<group>";
		};
		839F3DEB2475F3F7009C129E /* MultiGame */ = {
			isa = PBXGroup;
			children = (
				83B98C4B247C940600D7BF01 /* LoginViewController.swift */,
				831B16392485A0CC0066A5FB /* Connection.swift */,
				831B163B2485A0EA0066A5FB /* RegisterViewController.swift */,
				831B163D2485A17F0066A5FB /* MultiGameViewController.swift */,
				831B16432485A1DF0066A5FB /* MultiGameScene.swift */,
				831B16452485A26B0066A5FB /* MultiLobbyViewController.swift */,
			);
			path = MultiGame;
			sourceTree = "<group>";
		};
		839F3DEC2475F406009C129E /* PracticeGame */ = {
			isa = PBXGroup;
			children = (
				839F3DF72475F7A9009C129E /* PracticeGamePlay.swift */,
				839F3DF92475F7D0009C129E /* PracticeViewController.swift */,
				839F3DFB2475F80C009C129E /* PracticeScene.swift */,
			);
			path = PracticeGame;
			sourceTree = "<group>";
		};
		839F3DFE2475F843009C129E /* Assets */ = {
			isa = PBXGroup;
			children = (
			);
			path = Assets;
			sourceTree = "<group>";
		};
/* End PBXGroup section */

/* Begin PBXNativeTarget section */
		839F3DCC2475F34D009C129E /* Ultimate-ERS */ = {
			isa = PBXNativeTarget;
			buildConfigurationList = 839F3DE52475F35A009C129E /* Build configuration list for PBXNativeTarget "Ultimate-ERS" */;
			buildPhases = (
				839F3DC92475F34D009C129E /* Sources */,
				839F3DCA2475F34D009C129E /* Frameworks */,
				839F3DCB2475F34D009C129E /* Resources */,
			);
			buildRules = (
			);
			dependencies = (
			);
			name = "Ultimate-ERS";
			packageProductDependencies = (
				837079CF2486F3890013FF46 /* SocketIO */,
			);
			productName = "Ultimate-ERS";
			productReference = 839F3DCD2475F34D009C129E /* Ultimate ERS.app */;
			productType = "com.apple.product-type.application";
		};
/* End PBXNativeTarget section */

/* Begin PBXProject section */
		839F3DC52475F34D009C129E /* Project object */ = {
			isa = PBXProject;
			attributes = {
				LastSwiftUpdateCheck = 1140;
				LastUpgradeCheck = 1140;
				ORGANIZATIONNAME = kudoichika;
				TargetAttributes = {
					839F3DCC2475F34D009C129E = {
						CreatedOnToolsVersion = 11.4.1;
					};
				};
			};
			buildConfigurationList = 839F3DC82475F34D009C129E /* Build configuration list for PBXProject "Ultimate-ERS" */;
			compatibilityVersion = "Xcode 9.3";
			developmentRegion = en;
			hasScannedForEncodings = 0;
			knownRegions = (
				en,
				Base,
			);
			mainGroup = 839F3DC42475F34D009C129E;
			packageReferences = (
				837079CE2486F3890013FF46 /* XCRemoteSwiftPackageReference "socket" */,
			);
			productRefGroup = 839F3DCE2475F34D009C129E /* Products */;
			projectDirPath = "";
			projectRoot = "";
			targets = (
				839F3DCC2475F34D009C129E /* Ultimate-ERS */,
			);
		};
/* End PBXProject section */

/* Begin PBXResourcesBuildPhase section */
		839F3DCB2475F34D009C129E /* Resources */ = {
			isa = PBXResourcesBuildPhase;
			buildActionMask = 2147483647;
			files = (
				839F3DDC2475F34D009C129E /* Main.storyboard in Resources */,
				839F3DD32475F34D009C129E /* GameScene.sks in Resources */,
				839F3DDE2475F35A009C129E /* Assets.xcassets in Resources */,
				839F3DE12475F35A009C129E /* LaunchScreen.storyboard in Resources */,
				839F3DD52475F34D009C129E /* Actions.sks in Resources */,
			);
			runOnlyForDeploymentPostprocessing = 0;
		};
/* End PBXResourcesBuildPhase section */

/* Begin PBXSourcesBuildPhase section */
		839F3DC92475F34D009C129E /* Sources */ = {
			isa = PBXSourcesBuildPhase;
			buildActionMask = 2147483647;
			files = (
				831B16462485A26B0066A5FB /* MultiLobbyViewController.swift in Sources */,
				831B163A2485A0CC0066A5FB /* Connection.swift in Sources */,
				83B98C4C247C940600D7BF01 /* LoginViewController.swift in Sources */,
				831B16442485A1DF0066A5FB /* MultiGameScene.swift in Sources */,
				839F3DD72475F34D009C129E /* GameScene.swift in Sources */,
				839F3DF82475F7A9009C129E /* PracticeGamePlay.swift in Sources */,
				839F3DD92475F34D009C129E /* GameViewController.swift in Sources */,
				839F3DFA2475F7D0009C129E /* PracticeViewController.swift in Sources */,
				839F3DD12475F34D009C129E /* AppDelegate.swift in Sources */,
				839F3DF02475F6C7009C129E /* CustomizeViewController.swift in Sources */,
				839F3DF62475F755009C129E /* UtilityComponents.swift in Sources */,
				831B163E2485A17F0066A5FB /* MultiGameViewController.swift in Sources */,
				831B163C2485A0EA0066A5FB /* RegisterViewController.swift in Sources */,
				839F3DEE2475F543009C129E /* MainViewController.swift in Sources */,
				839F3DF22475F6EF009C129E /* Customization.swift in Sources */,
				839F3DF42475F738009C129E /* GameComponents.swift in Sources */,
				839F3DFC2475F80C009C129E /* PracticeScene.swift in Sources */,
			);
			runOnlyForDeploymentPostprocessing = 0;
		};
/* End PBXSourcesBuildPhase section */

/* Begin PBXVariantGroup section */
		839F3DDA2475F34D009C129E /* Main.storyboard */ = {
			isa = PBXVariantGroup;
			children = (
				839F3DDB2475F34D009C129E /* Base */,
			);
			name = Main.storyboard;
			sourceTree = "<group>";
		};
		839F3DDF2475F35A009C129E /* LaunchScreen.storyboard */ = {
			isa = PBXVariantGroup;
			children = (
				839F3DE02475F35A009C129E /* Base */,
			);
			name = LaunchScreen.storyboard;
			sourceTree = "<group>";
		};
/* End PBXVariantGroup section */

/* Begin XCBuildConfiguration section */
		839F3DE32475F35A009C129E /* Debug */ = {
			isa = XCBuildConfiguration;
			buildSettings = {
				ALWAYS_SEARCH_USER_PATHS = NO;
				CLANG_ANALYZER_NONNULL = YES;
				CLANG_ANALYZER_NUMBER_OBJECT_CONVERSION = YES_AGGRESSIVE;
				CLANG_CXX_LANGUAGE_STANDARD = "gnu++14";
				CLANG_CXX_LIBRARY = "libc++";
				CLANG_ENABLE_MODULES = YES;
				CLANG_ENABLE_OBJC_ARC = YES;
				CLANG_ENABLE_OBJC_WEAK = YES;
				CLANG_WARN_BLOCK_CAPTURE_AUTORELEASING = YES;
				CLANG_WARN_BOOL_CONVERSION = YES;
				CLANG_WARN_COMMA = YES;
				CLANG_WARN_CONSTANT_CONVERSION = YES;
				CLANG_WARN_DEPRECATED_OBJC_IMPLEMENTATIONS = YES;
				CLANG_WARN_DIRECT_OBJC_ISA_USAGE = YES_ERROR;
				CLANG_WARN_DOCUMENTATION_COMMENTS = YES;
				CLANG_WARN_EMPTY_BODY = YES;
				CLANG_WARN_ENUM_CONVERSION = YES;
				CLANG_WARN_INFINITE_RECURSION = YES;
				CLANG_WARN_INT_CONVERSION = YES;
				CLANG_WARN_NON_LITERAL_NULL_CONVERSION = YES;
				CLANG_WARN_OBJC_IMPLICIT_RETAIN_SELF = YES;
				CLANG_WARN_OBJC_LITERAL_CONVERSION = YES;
				CLANG_WARN_OBJC_ROOT_CLASS = YES_ERROR;
				CLANG_WARN_RANGE_LOOP_ANALYSIS = YES;
				CLANG_WARN_STRICT_PROTOTYPES = YES;
				CLANG_WARN_SUSPICIOUS_MOVE = YES;
				CLANG_WARN_UNGUARDED_AVAILABILITY = YES_AGGRESSIVE;
				CLANG_WARN_UNREACHABLE_CODE = YES;
				CLANG_WARN__DUPLICATE_METHOD_MATCH = YES;
				COPY_PHASE_STRIP = NO;
				DEBUG_INFORMATION_FORMAT = dwarf;
				ENABLE_STRICT_OBJC_MSGSEND = YES;
				ENABLE_TESTABILITY = YES;
				GCC_C_LANGUAGE_STANDARD = gnu11;
				GCC_DYNAMIC_NO_PIC = NO;
				GCC_NO_COMMON_BLOCKS = YES;
				GCC_OPTIMIZATION_LEVEL = 0;
				GCC_PREPROCESSOR_DEFINITIONS = (
					"DEBUG=1",
					"$(inherited)",
				);
				GCC_WARN_64_TO_32_BIT_CONVERSION = YES;
				GCC_WARN_ABOUT_RETURN_TYPE = YES_ERROR;
				GCC_WARN_UNDECLARED_SELECTOR = YES;
				GCC_WARN_UNINITIALIZED_AUTOS = YES_AGGRESSIVE;
				GCC_WARN_UNUSED_FUNCTION = YES;
				GCC_WARN_UNUSED_VARIABLE = YES;
				IPHONEOS_DEPLOYMENT_TARGET = 13.4;
				MTL_ENABLE_DEBUG_INFO = INCLUDE_SOURCE;
				MTL_FAST_MATH = YES;
				ONLY_ACTIVE_ARCH = YES;
				SDKROOT = iphoneos;
				SWIFT_ACTIVE_COMPILATION_CONDITIONS = DEBUG;
				SWIFT_OPTIMIZATION_LEVEL = "-Onone";
			};
			name = Debug;
		};
		839F3DE42475F35A009C129E /* Release */ = {
			isa = XCBuildConfiguration;
			buildSettings = {
				ALWAYS_SEARCH_USER_PATHS = NO;
				CLANG_ANALYZER_NONNULL = YES;
				CLANG_ANALYZER_NUMBER_OBJECT_CONVERSION = YES_AGGRESSIVE;
				CLANG_CXX_LANGUAGE_STANDARD = "gnu++14";
				CLANG_CXX_LIBRARY = "libc++";
				CLANG_ENABLE_MODULES = YES;
				CLANG_ENABLE_OBJC_ARC = YES;
				CLANG_ENABLE_OBJC_WEAK = YES;
				CLANG_WARN_BLOCK_CAPTURE_AUTORELEASING = YES;
				CLANG_WARN_BOOL_CONVERSION = YES;
				CLANG_WARN_COMMA = YES;
				CLANG_WARN_CONSTANT_CONVERSION = YES;
				CLANG_WARN_DEPRECATED_OBJC_IMPLEMENTATIONS = YES;
				CLANG_WARN_DIRECT_OBJC_ISA_USAGE = YES_ERROR;
				CLANG_WARN_DOCUMENTATION_COMMENTS = YES;
				CLANG_WARN_EMPTY_BODY = YES;
				CLANG_WARN_ENUM_CONVERSION = YES;
				CLANG_WARN_INFINITE_RECURSION = YES;
				CLANG_WARN_INT_CONVERSION = YES;
				CLANG_WARN_NON_LITERAL_NULL_CONVERSION = YES;
				CLANG_WARN_OBJC_IMPLICIT_RETAIN_SELF = YES;
				CLANG_WARN_OBJC_LITERAL_CONVERSION = YES;
				CLANG_WARN_OBJC_ROOT_CLASS = YES_ERROR;
				CLANG_WARN_RANGE_LOOP_ANALYSIS = YES;
				CLANG_WARN_STRICT_PROTOTYPES = YES;
				CLANG_WARN_SUSPICIOUS_MOVE = YES;
				CLANG_WARN_UNGUARDED_AVAILABILITY = YES_AGGRESSIVE;
				CLANG_WARN_UNREACHABLE_CODE = YES;
				CLANG_WARN__DUPLICATE_METHOD_MATCH = YES;
				COPY_PHASE_STRIP = NO;
				DEBUG_INFORMATION_FORMAT = "dwarf-with-dsym";
				ENABLE_NS_ASSERTIONS = NO;
				ENABLE_STRICT_OBJC_MSGSEND = YES;
				GCC_C_LANGUAGE_STANDARD = gnu11;
				GCC_NO_COMMON_BLOCKS = YES;
				GCC_WARN_64_TO_32_BIT_CONVERSION = YES;
				GCC_WARN_ABOUT_RETURN_TYPE = YES_ERROR;
				GCC_WARN_UNDECLARED_SELECTOR = YES;
				GCC_WARN_UNINITIALIZED_AUTOS = YES_AGGRESSIVE;
				GCC_WARN_UNUSED_FUNCTION = YES;
				GCC_WARN_UNUSED_VARIABLE = YES;
				IPHONEOS_DEPLOYMENT_TARGET = 13.4;
				MTL_ENABLE_DEBUG_INFO = NO;
				MTL_FAST_MATH = YES;
				SDKROOT = iphoneos;
				SWIFT_COMPILATION_MODE = wholemodule;
				SWIFT_OPTIMIZATION_LEVEL = "-O";
				VALIDATE_PRODUCT = YES;
			};
			name = Release;
		};
		839F3DE62475F35A009C129E /* Debug */ = {
			isa = XCBuildConfiguration;
			buildSettings = {
				ASSETCATALOG_COMPILER_APPICON_NAME = AppIcon;
				CODE_SIGN_STYLE = Automatic;
				DEVELOPMENT_TEAM = 5CQMR8VM2P;
				INFOPLIST_FILE = "Ultimate-ERS/Info.plist";
				LD_RUNPATH_SEARCH_PATHS = (
					"$(inherited)",
					"@executable_path/Frameworks",
				);
				PRODUCT_BUNDLE_IDENTIFIER = "com.kudoichika.Ultimate-ERS";
				PRODUCT_NAME = "Ultimate ERS";
				SWIFT_VERSION = 5.0;
				TARGETED_DEVICE_FAMILY = "1,2";
			};
			name = Debug;
		};
		839F3DE72475F35A009C129E /* Release */ = {
			isa = XCBuildConfiguration;
			buildSettings = {
				ASSETCATALOG_COMPILER_APPICON_NAME = AppIcon;
				CODE_SIGN_STYLE = Automatic;
				DEVELOPMENT_TEAM = 5CQMR8VM2P;
				INFOPLIST_FILE = "Ultimate-ERS/Info.plist";
				LD_RUNPATH_SEARCH_PATHS = (
					"$(inherited)",
					"@executable_path/Frameworks",
				);
				PRODUCT_BUNDLE_IDENTIFIER = "com.kudoichika.Ultimate-ERS";
				PRODUCT_NAME = "Ultimate ERS";
				SWIFT_VERSION = 5.0;
				TARGETED_DEVICE_FAMILY = "1,2";
			};
			name = Release;
		};
/* End XCBuildConfiguration section */

/* Begin XCConfigurationList section */
		839F3DC82475F34D009C129E /* Build configuration list for PBXProject "Ultimate-ERS" */ = {
			isa = XCConfigurationList;
			buildConfigurations = (
				839F3DE32475F35A009C129E /* Debug */,
				839F3DE42475F35A009C129E /* Release */,
			);
			defaultConfigurationIsVisible = 0;
			defaultConfigurationName = Release;
		};
		839F3DE52475F35A009C129E /* Build configuration list for PBXNativeTarget "Ultimate-ERS" */ = {
			isa = XCConfigurationList;
			buildConfigurations = (
				839F3DE62475F35A009C129E /* Debug */,
				839F3DE72475F35A009C129E /* Release */,
			);
			defaultConfigurationIsVisible = 0;
			defaultConfigurationName = Release;
		};
/* End XCConfigurationList section */

/* Begin XCRemoteSwiftPackageReference section */
		837079CE2486F3890013FF46 /* XCRemoteSwiftPackageReference "socket" */ = {
			isa = XCRemoteSwiftPackageReference;
			repositoryURL = "https://github.com/socketio/socket.io-client-swift";
			requirement = {
				kind = upToNextMinorVersion;
				minimumVersion = 15.2.0;
			};
		};
/* End XCRemoteSwiftPackageReference section */

/* Begin XCSwiftPackageProductDependency section */
		837079CF2486F3890013FF46 /* SocketIO */ = {
			isa = XCSwiftPackageProductDependency;
			package = 837079CE2486F3890013FF46 /* XCRemoteSwiftPackageReference "socket" */;
			productName = SocketIO;
		};
/* End XCSwiftPackageProductDependency section */
	};
	rootObject = 839F3DC52475F34D009C129E /* Project object */;
}
